// !$*UTF8*$!
{
	archiveVersion = 1;
	classes = {
	};
	objectVersion = 51;
	objects = {

/* Begin PBXBuildFile section */
		2033CF3F2578DE230062647E /* AppDelegate.swift in Sources */ = {isa = PBXBuildFile; fileRef = 2033CF3E2578DE230062647E /* AppDelegate.swift */; };
		2033CF412578DE230062647E /* SceneDelegate.swift in Sources */ = {isa = PBXBuildFile; fileRef = 2033CF402578DE230062647E /* SceneDelegate.swift */; };
		2033CF462578DE230062647E /* Main.storyboard in Resources */ = {isa = PBXBuildFile; fileRef = 2033CF442578DE230062647E /* Main.storyboard */; };
		2033CF482578DE280062647E /* Assets.xcassets in Resources */ = {isa = PBXBuildFile; fileRef = 2033CF472578DE280062647E /* Assets.xcassets */; };
		2033CF4B2578DE280062647E /* LaunchScreen.storyboard in Resources */ = {isa = PBXBuildFile; fileRef = 2033CF492578DE280062647E /* LaunchScreen.storyboard */; };
		2033CF562578DE280062647E /* HW_7_Tests.swift in Sources */ = {isa = PBXBuildFile; fileRef = 2033CF552578DE280062647E /* HW_7_Tests.swift */; };
		2033CF612578DE280062647E /* HW_7_UITests.swift in Sources */ = {isa = PBXBuildFile; fileRef = 2033CF602578DE280062647E /* HW_7_UITests.swift */; };
		2033CF6F2578DFB90062647E /* WeatherTableViewCell.swift in Sources */ = {isa = PBXBuildFile; fileRef = 2033CF6E2578DFB90062647E /* WeatherTableViewCell.swift */; };
		207A9569264B0455002FB20E /* ViewModelAlamofire.swift in Sources */ = {isa = PBXBuildFile; fileRef = 207A9568264B0455002FB20E /* ViewModelAlamofire.swift */; };
		2085837B264EE121001C4775 /* AllAlerts.swift in Sources */ = {isa = PBXBuildFile; fileRef = 2085837A264EE121001C4775 /* AllAlerts.swift */; };
		20913D46264D1D0C006568A3 /* AllLinksForUploadWeather.swift in Sources */ = {isa = PBXBuildFile; fileRef = 20913D45264D1D0C006568A3 /* AllLinksForUploadWeather.swift */; };
		20913D4B264D1FD3006568A3 /* AlamViewController.swift in Sources */ = {isa = PBXBuildFile; fileRef = 20913D4A264D1FD3006568A3 /* AlamViewController.swift */; };
		20913D4D264D206C006568A3 /* BaseViewController.swift in Sources */ = {isa = PBXBuildFile; fileRef = 20913D4C264D206C006568A3 /* BaseViewController.swift */; };
		20913D4F264D20DF006568A3 /* BaseViewModel.swift in Sources */ = {isa = PBXBuildFile; fileRef = 20913D4E264D20DF006568A3 /* BaseViewModel.swift */; };
		20913D53264D2185006568A3 /* AllDaysInfoStruct.swift in Sources */ = {isa = PBXBuildFile; fileRef = 20913D52264D2185006568A3 /* AllDaysInfoStruct.swift */; };
		20913D55264D21DB006568A3 /* TodayLoader.swift in Sources */ = {isa = PBXBuildFile; fileRef = 20913D54264D21DB006568A3 /* TodayLoader.swift */; };
		20913D57264D2206006568A3 /* FiveDaysLoader.swift in Sources */ = {isa = PBXBuildFile; fileRef = 20913D56264D2206006568A3 /* FiveDaysLoader.swift */; };
		20913D59264D266C006568A3 /* ForBaseTableStruct.swift in Sources */ = {isa = PBXBuildFile; fileRef = 20913D58264D266C006568A3 /* ForBaseTableStruct.swift */; };
		20913D5B264D26B6006568A3 /* ForAlamTableStruct.swift in Sources */ = {isa = PBXBuildFile; fileRef = 20913D5A264D26B6006568A3 /* ForAlamTableStruct.swift */; };
		20A51EBC25B2123D004EC821 /* WeatherAlamofireTableViewCell.swift in Sources */ = {isa = PBXBuildFile; fileRef = 20A51EBB25B2123D004EC821 /* WeatherAlamofireTableViewCell.swift */; };
		20C47BEF26317943000FD1EF /* WeatherCollectionViewCellAlam.swift in Sources */ = {isa = PBXBuildFile; fileRef = 20C47BEE26317943000FD1EF /* WeatherCollectionViewCellAlam.swift */; };
		20CCD11625C97AB300DD1BF7 /* WeatherCollectionViewCell.swift in Sources */ = {isa = PBXBuildFile; fileRef = 20CCD11525C97AB300DD1BF7 /* WeatherCollectionViewCell.swift */; };
		6D09A5A11017C0ACABC0B5C6 /* Pods_HW_7_.framework in Frameworks */ = {isa = PBXBuildFile; fileRef = 6EB91939072D1AF72F54256B /* Pods_HW_7_.framework */; };
/* End PBXBuildFile section */

/* Begin PBXContainerItemProxy section */
		2033CF522578DE280062647E /* PBXContainerItemProxy */ = {
			isa = PBXContainerItemProxy;
			containerPortal = 2033CF332578DE230062647E /* Project object */;
			proxyType = 1;
			remoteGlobalIDString = 2033CF3A2578DE230062647E;
			remoteInfo = HW_7_;
		};
		2033CF5D2578DE280062647E /* PBXContainerItemProxy */ = {
			isa = PBXContainerItemProxy;
			containerPortal = 2033CF332578DE230062647E /* Project object */;
			proxyType = 1;
			remoteGlobalIDString = 2033CF3A2578DE230062647E;
			remoteInfo = HW_7_;
		};
/* End PBXContainerItemProxy section */

/* Begin PBXFileReference section */
		2033CF3B2578DE230062647E /* HW_7_.app */ = {isa = PBXFileReference; explicitFileType = wrapper.application; includeInIndex = 0; path = HW_7_.app; sourceTree = BUILT_PRODUCTS_DIR; };
		2033CF3E2578DE230062647E /* AppDelegate.swift */ = {isa = PBXFileReference; lastKnownFileType = sourcecode.swift; path = AppDelegate.swift; sourceTree = "<group>"; };
		2033CF402578DE230062647E /* SceneDelegate.swift */ = {isa = PBXFileReference; lastKnownFileType = sourcecode.swift; path = SceneDelegate.swift; sourceTree = "<group>"; };
		2033CF452578DE230062647E /* Base */ = {isa = PBXFileReference; lastKnownFileType = file.storyboard; name = Base; path = Base.lproj/Main.storyboard; sourceTree = "<group>"; };
		2033CF472578DE280062647E /* Assets.xcassets */ = {isa = PBXFileReference; lastKnownFileType = folder.assetcatalog; path = Assets.xcassets; sourceTree = "<group>"; };
		2033CF4A2578DE280062647E /* Base */ = {isa = PBXFileReference; lastKnownFileType = file.storyboard; name = Base; path = Base.lproj/LaunchScreen.storyboard; sourceTree = "<group>"; };
		2033CF4C2578DE280062647E /* Info.plist */ = {isa = PBXFileReference; lastKnownFileType = text.plist.xml; path = Info.plist; sourceTree = "<group>"; };
		2033CF512578DE280062647E /* HW_7_Tests.xctest */ = {isa = PBXFileReference; explicitFileType = wrapper.cfbundle; includeInIndex = 0; path = HW_7_Tests.xctest; sourceTree = BUILT_PRODUCTS_DIR; };
		2033CF552578DE280062647E /* HW_7_Tests.swift */ = {isa = PBXFileReference; lastKnownFileType = sourcecode.swift; path = HW_7_Tests.swift; sourceTree = "<group>"; };
		2033CF572578DE280062647E /* Info.plist */ = {isa = PBXFileReference; lastKnownFileType = text.plist.xml; path = Info.plist; sourceTree = "<group>"; };
		2033CF5C2578DE280062647E /* HW_7_UITests.xctest */ = {isa = PBXFileReference; explicitFileType = wrapper.cfbundle; includeInIndex = 0; path = HW_7_UITests.xctest; sourceTree = BUILT_PRODUCTS_DIR; };
		2033CF602578DE280062647E /* HW_7_UITests.swift */ = {isa = PBXFileReference; lastKnownFileType = sourcecode.swift; path = HW_7_UITests.swift; sourceTree = "<group>"; };
		2033CF622578DE280062647E /* Info.plist */ = {isa = PBXFileReference; lastKnownFileType = text.plist.xml; path = Info.plist; sourceTree = "<group>"; };
		2033CF6E2578DFB90062647E /* WeatherTableViewCell.swift */ = {isa = PBXFileReference; lastKnownFileType = sourcecode.swift; path = WeatherTableViewCell.swift; sourceTree = "<group>"; };
		207A9568264B0455002FB20E /* ViewModelAlamofire.swift */ = {isa = PBXFileReference; lastKnownFileType = sourcecode.swift; path = ViewModelAlamofire.swift; sourceTree = "<group>"; };
		2085837A264EE121001C4775 /* AllAlerts.swift */ = {isa = PBXFileReference; lastKnownFileType = sourcecode.swift; path = AllAlerts.swift; sourceTree = "<group>"; };
		20913D45264D1D0C006568A3 /* AllLinksForUploadWeather.swift */ = {isa = PBXFileReference; lastKnownFileType = sourcecode.swift; path = AllLinksForUploadWeather.swift; sourceTree = "<group>"; };
		20913D4A264D1FD3006568A3 /* AlamViewController.swift */ = {isa = PBXFileReference; lastKnownFileType = sourcecode.swift; path = AlamViewController.swift; sourceTree = "<group>"; };
		20913D4C264D206C006568A3 /* BaseViewController.swift */ = {isa = PBXFileReference; lastKnownFileType = sourcecode.swift; path = BaseViewController.swift; sourceTree = "<group>"; };
		20913D4E264D20DF006568A3 /* BaseViewModel.swift */ = {isa = PBXFileReference; lastKnownFileType = sourcecode.swift; path = BaseViewModel.swift; sourceTree = "<group>"; };
		20913D52264D2185006568A3 /* AllDaysInfoStruct.swift */ = {isa = PBXFileReference; lastKnownFileType = sourcecode.swift; path = AllDaysInfoStruct.swift; sourceTree = "<group>"; };
		20913D54264D21DB006568A3 /* TodayLoader.swift */ = {isa = PBXFileReference; lastKnownFileType = sourcecode.swift; path = TodayLoader.swift; sourceTree = "<group>"; };
		20913D56264D2206006568A3 /* FiveDaysLoader.swift */ = {isa = PBXFileReference; lastKnownFileType = sourcecode.swift; path = FiveDaysLoader.swift; sourceTree = "<group>"; };
		20913D58264D266C006568A3 /* ForBaseTableStruct.swift */ = {isa = PBXFileReference; lastKnownFileType = sourcecode.swift; path = ForBaseTableStruct.swift; sourceTree = "<group>"; };
		20913D5A264D26B6006568A3 /* ForAlamTableStruct.swift */ = {isa = PBXFileReference; lastKnownFileType = sourcecode.swift; path = ForAlamTableStruct.swift; sourceTree = "<group>"; };
		20A51EBB25B2123D004EC821 /* WeatherAlamofireTableViewCell.swift */ = {isa = PBXFileReference; lastKnownFileType = sourcecode.swift; path = WeatherAlamofireTableViewCell.swift; sourceTree = "<group>"; };
		20C47BEE26317943000FD1EF /* WeatherCollectionViewCellAlam.swift */ = {isa = PBXFileReference; lastKnownFileType = sourcecode.swift; path = WeatherCollectionViewCellAlam.swift; sourceTree = "<group>"; };
		20CCD11525C97AB300DD1BF7 /* WeatherCollectionViewCell.swift */ = {isa = PBXFileReference; lastKnownFileType = sourcecode.swift; path = WeatherCollectionViewCell.swift; sourceTree = "<group>"; };
		4CBF3AEA0DD2DAE35D14A0D8 /* Pods-HW_7_.debug.xcconfig */ = {isa = PBXFileReference; includeInIndex = 1; lastKnownFileType = text.xcconfig; name = "Pods-HW_7_.debug.xcconfig"; path = "Target Support Files/Pods-HW_7_/Pods-HW_7_.debug.xcconfig"; sourceTree = "<group>"; };
		6EB91939072D1AF72F54256B /* Pods_HW_7_.framework */ = {isa = PBXFileReference; explicitFileType = wrapper.framework; includeInIndex = 0; path = Pods_HW_7_.framework; sourceTree = BUILT_PRODUCTS_DIR; };
		EAEA426A34E5DBEB0C0F7F55 /* Pods-HW_7_.release.xcconfig */ = {isa = PBXFileReference; includeInIndex = 1; lastKnownFileType = text.xcconfig; name = "Pods-HW_7_.release.xcconfig"; path = "Target Support Files/Pods-HW_7_/Pods-HW_7_.release.xcconfig"; sourceTree = "<group>"; };
/* End PBXFileReference section */

/* Begin PBXFrameworksBuildPhase section */
		2033CF382578DE230062647E /* Frameworks */ = {
			isa = PBXFrameworksBuildPhase;
			buildActionMask = 2147483647;
			files = (
				6D09A5A11017C0ACABC0B5C6 /* Pods_HW_7_.framework in Frameworks */,
			);
			runOnlyForDeploymentPostprocessing = 0;
		};
		2033CF4E2578DE280062647E /* Frameworks */ = {
			isa = PBXFrameworksBuildPhase;
			buildActionMask = 2147483647;
			files = (
			);
			runOnlyForDeploymentPostprocessing = 0;
		};
		2033CF592578DE280062647E /* Frameworks */ = {
			isa = PBXFrameworksBuildPhase;
			buildActionMask = 2147483647;
			files = (
			);
			runOnlyForDeploymentPostprocessing = 0;
		};
/* End PBXFrameworksBuildPhase section */

/* Begin PBXGroup section */
		2033CF322578DE230062647E = {
			isa = PBXGroup;
			children = (
				2033CF3D2578DE230062647E /* HW_7_ */,
				2033CF542578DE280062647E /* HW_7_Tests */,
				2033CF5F2578DE280062647E /* HW_7_UITests */,
				2033CF3C2578DE230062647E /* Products */,
				AA03EDF212D245F19F7D4A63 /* Pods */,
				E755F4FB1C631343904FEB0D /* Frameworks */,
			);
			sourceTree = "<group>";
		};
		2033CF3C2578DE230062647E /* Products */ = {
			isa = PBXGroup;
			children = (
				2033CF3B2578DE230062647E /* HW_7_.app */,
				2033CF512578DE280062647E /* HW_7_Tests.xctest */,
				2033CF5C2578DE280062647E /* HW_7_UITests.xctest */,
			);
			name = Products;
			sourceTree = "<group>";
		};
		2033CF3D2578DE230062647E /* HW_7_ */ = {
			isa = PBXGroup;
			children = (
				2033CF3E2578DE230062647E /* AppDelegate.swift */,
				2033CF402578DE230062647E /* SceneDelegate.swift */,
				2033CF442578DE230062647E /* Main.storyboard */,
				20858379264EE10A001C4775 /* Alerts */,
				20913D44264D1CF5006568A3 /* All Links */,
				20913D51264D2164006568A3 /* Structures */,
				20913D50264D214E006568A3 /* Loaders */,
				20913D48264D1F8C006568A3 /* Base Parsing */,
				20913D47264D1F72006568A3 /* Alamofire Parsing */,
				2033CF472578DE280062647E /* Assets.xcassets */,
				2033CF492578DE280062647E /* LaunchScreen.storyboard */,
				2033CF4C2578DE280062647E /* Info.plist */,
			);
			path = HW_7_;
			sourceTree = "<group>";
		};
		2033CF542578DE280062647E /* HW_7_Tests */ = {
			isa = PBXGroup;
			children = (
				2033CF552578DE280062647E /* HW_7_Tests.swift */,
				2033CF572578DE280062647E /* Info.plist */,
			);
			path = HW_7_Tests;
			sourceTree = "<group>";
		};
		2033CF5F2578DE280062647E /* HW_7_UITests */ = {
			isa = PBXGroup;
			children = (
				2033CF602578DE280062647E /* HW_7_UITests.swift */,
				2033CF622578DE280062647E /* Info.plist */,
			);
			path = HW_7_UITests;
			sourceTree = "<group>";
		};
		20858379264EE10A001C4775 /* Alerts */ = {
			isa = PBXGroup;
			children = (
				2085837A264EE121001C4775 /* AllAlerts.swift */,
			);
			path = Alerts;
			sourceTree = "<group>";
		};
		20913D44264D1CF5006568A3 /* All Links */ = {
			isa = PBXGroup;
			children = (
				20913D45264D1D0C006568A3 /* AllLinksForUploadWeather.swift */,
			);
			path = "All Links";
			sourceTree = "<group>";
		};
		20913D47264D1F72006568A3 /* Alamofire Parsing */ = {
			isa = PBXGroup;
			children = (
				20913D4A264D1FD3006568A3 /* AlamViewController.swift */,
				207A9568264B0455002FB20E /* ViewModelAlamofire.swift */,
				20A51EBB25B2123D004EC821 /* WeatherAlamofireTableViewCell.swift */,
				20C47BEE26317943000FD1EF /* WeatherCollectionViewCellAlam.swift */,
			);
			path = "Alamofire Parsing";
			sourceTree = "<group>";
		};
		20913D48264D1F8C006568A3 /* Base Parsing */ = {
			isa = PBXGroup;
			children = (
				20913D4C264D206C006568A3 /* BaseViewController.swift */,
				20913D4E264D20DF006568A3 /* BaseViewModel.swift */,
				2033CF6E2578DFB90062647E /* WeatherTableViewCell.swift */,
				20CCD11525C97AB300DD1BF7 /* WeatherCollectionViewCell.swift */,
			);
			path = "Base Parsing";
			sourceTree = "<group>";
		};
		20913D50264D214E006568A3 /* Loaders */ = {
			isa = PBXGroup;
			children = (
				20913D54264D21DB006568A3 /* TodayLoader.swift */,
				20913D56264D2206006568A3 /* FiveDaysLoader.swift */,
			);
			path = Loaders;
			sourceTree = "<group>";
		};
		20913D51264D2164006568A3 /* Structures */ = {
			isa = PBXGroup;
			children = (
				20913D52264D2185006568A3 /* AllDaysInfoStruct.swift */,
				20913D58264D266C006568A3 /* ForBaseTableStruct.swift */,
				20913D5A264D26B6006568A3 /* ForAlamTableStruct.swift */,
			);
			path = Structures;
			sourceTree = "<group>";
		};
		AA03EDF212D245F19F7D4A63 /* Pods */ = {
			isa = PBXGroup;
			children = (
				4CBF3AEA0DD2DAE35D14A0D8 /* Pods-HW_7_.debug.xcconfig */,
				EAEA426A34E5DBEB0C0F7F55 /* Pods-HW_7_.release.xcconfig */,
			);
			path = Pods;
			sourceTree = "<group>";
		};
		E755F4FB1C631343904FEB0D /* Frameworks */ = {
			isa = PBXGroup;
			children = (
				6EB91939072D1AF72F54256B /* Pods_HW_7_.framework */,
			);
			name = Frameworks;
			sourceTree = "<group>";
		};
/* End PBXGroup section */

/* Begin PBXNativeTarget section */
		2033CF3A2578DE230062647E /* HW_7_ */ = {
			isa = PBXNativeTarget;
			buildConfigurationList = 2033CF652578DE280062647E /* Build configuration list for PBXNativeTarget "HW_7_" */;
			buildPhases = (
				F8B60F3F055FBC5EA8138693 /* [CP] Check Pods Manifest.lock */,
				2033CF372578DE230062647E /* Sources */,
				2033CF382578DE230062647E /* Frameworks */,
				2033CF392578DE230062647E /* Resources */,
				220C43CC64EC3AD10DE8C6A1 /* [CP] Embed Pods Frameworks */,
			);
			buildRules = (
			);
			dependencies = (
			);
			name = HW_7_;
			productName = HW_7_;
			productReference = 2033CF3B2578DE230062647E /* HW_7_.app */;
			productType = "com.apple.product-type.application";
		};
		2033CF502578DE280062647E /* HW_7_Tests */ = {
			isa = PBXNativeTarget;
			buildConfigurationList = 2033CF682578DE280062647E /* Build configuration list for PBXNativeTarget "HW_7_Tests" */;
			buildPhases = (
				2033CF4D2578DE280062647E /* Sources */,
				2033CF4E2578DE280062647E /* Frameworks */,
				2033CF4F2578DE280062647E /* Resources */,
			);
			buildRules = (
			);
			dependencies = (
				2033CF532578DE280062647E /* PBXTargetDependency */,
			);
			name = HW_7_Tests;
			productName = HW_7_Tests;
			productReference = 2033CF512578DE280062647E /* HW_7_Tests.xctest */;
			productType = "com.apple.product-type.bundle.unit-test";
		};
		2033CF5B2578DE280062647E /* HW_7_UITests */ = {
			isa = PBXNativeTarget;
			buildConfigurationList = 2033CF6B2578DE280062647E /* Build configuration list for PBXNativeTarget "HW_7_UITests" */;
			buildPhases = (
				2033CF582578DE280062647E /* Sources */,
				2033CF592578DE280062647E /* Frameworks */,
				2033CF5A2578DE280062647E /* Resources */,
			);
			buildRules = (
			);
			dependencies = (
				2033CF5E2578DE280062647E /* PBXTargetDependency */,
			);
			name = HW_7_UITests;
			productName = HW_7_UITests;
			productReference = 2033CF5C2578DE280062647E /* HW_7_UITests.xctest */;
			productType = "com.apple.product-type.bundle.ui-testing";
		};
/* End PBXNativeTarget section */

/* Begin PBXProject section */
		2033CF332578DE230062647E /* Project object */ = {
			isa = PBXProject;
			attributes = {
				LastSwiftUpdateCheck = 1130;
				LastUpgradeCheck = 1240;
				ORGANIZATIONNAME = "Lio Rin";
				TargetAttributes = {
					2033CF3A2578DE230062647E = {
						CreatedOnToolsVersion = 11.3;
					};
					2033CF502578DE280062647E = {
						CreatedOnToolsVersion = 11.3;
						TestTargetID = 2033CF3A2578DE230062647E;
					};
					2033CF5B2578DE280062647E = {
						CreatedOnToolsVersion = 11.3;
						TestTargetID = 2033CF3A2578DE230062647E;
					};
				};
			};
			buildConfigurationList = 2033CF362578DE230062647E /* Build configuration list for PBXProject "HW_7_" */;
			compatibilityVersion = "Xcode 9.3";
			developmentRegion = en;
			hasScannedForEncodings = 0;
			knownRegions = (
				en,
				Base,
			);
			mainGroup = 2033CF322578DE230062647E;
			productRefGroup = 2033CF3C2578DE230062647E /* Products */;
			projectDirPath = "";
			projectRoot = "";
			targets = (
				2033CF3A2578DE230062647E /* HW_7_ */,
				2033CF502578DE280062647E /* HW_7_Tests */,
				2033CF5B2578DE280062647E /* HW_7_UITests */,
			);
		};
/* End PBXProject section */

/* Begin PBXResourcesBuildPhase section */
		2033CF392578DE230062647E /* Resources */ = {
			isa = PBXResourcesBuildPhase;
			buildActionMask = 2147483647;
			files = (
				2033CF4B2578DE280062647E /* LaunchScreen.storyboard in Resources */,
				2033CF482578DE280062647E /* Assets.xcassets in Resources */,
				2033CF462578DE230062647E /* Main.storyboard in Resources */,
			);
			runOnlyForDeploymentPostprocessing = 0;
		};
		2033CF4F2578DE280062647E /* Resources */ = {
			isa = PBXResourcesBuildPhase;
			buildActionMask = 2147483647;
			files = (
			);
			runOnlyForDeploymentPostprocessing = 0;
		};
		2033CF5A2578DE280062647E /* Resources */ = {
			isa = PBXResourcesBuildPhase;
			buildActionMask = 2147483647;
			files = (
			);
			runOnlyForDeploymentPostprocessing = 0;
		};
/* End PBXResourcesBuildPhase section */

/* Begin PBXShellScriptBuildPhase section */
		220C43CC64EC3AD10DE8C6A1 /* [CP] Embed Pods Frameworks */ = {
			isa = PBXShellScriptBuildPhase;
			buildActionMask = 2147483647;
			files = (
			);
			inputFileListPaths = (
				"${PODS_ROOT}/Target Support Files/Pods-HW_7_/Pods-HW_7_-frameworks-${CONFIGURATION}-input-files.xcfilelist",
			);
			name = "[CP] Embed Pods Frameworks";
			outputFileListPaths = (
				"${PODS_ROOT}/Target Support Files/Pods-HW_7_/Pods-HW_7_-frameworks-${CONFIGURATION}-output-files.xcfilelist",
			);
			runOnlyForDeploymentPostprocessing = 0;
			shellPath = /bin/sh;
			shellScript = "\"${PODS_ROOT}/Target Support Files/Pods-HW_7_/Pods-HW_7_-frameworks.sh\"\n";
			showEnvVarsInLog = 0;
		};
		F8B60F3F055FBC5EA8138693 /* [CP] Check Pods Manifest.lock */ = {
			isa = PBXShellScriptBuildPhase;
			buildActionMask = 2147483647;
			files = (
			);
			inputFileListPaths = (
			);
			inputPaths = (
				"${PODS_PODFILE_DIR_PATH}/Podfile.lock",
				"${PODS_ROOT}/Manifest.lock",
			);
			name = "[CP] Check Pods Manifest.lock";
			outputFileListPaths = (
			);
			outputPaths = (
				"$(DERIVED_FILE_DIR)/Pods-HW_7_-checkManifestLockResult.txt",
			);
			runOnlyForDeploymentPostprocessing = 0;
			shellPath = /bin/sh;
			shellScript = "diff \"${PODS_PODFILE_DIR_PATH}/Podfile.lock\" \"${PODS_ROOT}/Manifest.lock\" > /dev/null\nif [ $? != 0 ] ; then\n    # print error to STDERR\n    echo \"error: The sandbox is not in sync with the Podfile.lock. Run 'pod install' or update your CocoaPods installation.\" >&2\n    exit 1\nfi\n# This output is used by Xcode 'outputs' to avoid re-running this script phase.\necho \"SUCCESS\" > \"${SCRIPT_OUTPUT_FILE_0}\"\n";
			showEnvVarsInLog = 0;
		};
/* End PBXShellScriptBuildPhase section */

/* Begin PBXSourcesBuildPhase section */
		2033CF372578DE230062647E /* Sources */ = {
			isa = PBXSourcesBuildPhase;
			buildActionMask = 2147483647;
			files = (
				20A51EBC25B2123D004EC821 /* WeatherAlamofireTableViewCell.swift in Sources */,
				20913D4B264D1FD3006568A3 /* AlamViewController.swift in Sources */,
				20913D5B264D26B6006568A3 /* ForAlamTableStruct.swift in Sources */,
				20913D4D264D206C006568A3 /* BaseViewController.swift in Sources */,
				207A9569264B0455002FB20E /* ViewModelAlamofire.swift in Sources */,
				20C47BEF26317943000FD1EF /* WeatherCollectionViewCellAlam.swift in Sources */,
				20CCD11625C97AB300DD1BF7 /* WeatherCollectionViewCell.swift in Sources */,
				2085837B264EE121001C4775 /* AllAlerts.swift in Sources */,
				2033CF6F2578DFB90062647E /* WeatherTableViewCell.swift in Sources */,
				20913D59264D266C006568A3 /* ForBaseTableStruct.swift in Sources */,
				20913D4F264D20DF006568A3 /* BaseViewModel.swift in Sources */,
				20913D53264D2185006568A3 /* AllDaysInfoStruct.swift in Sources */,
				20913D57264D2206006568A3 /* FiveDaysLoader.swift in Sources */,
				20913D55264D21DB006568A3 /* TodayLoader.swift in Sources */,
				2033CF3F2578DE230062647E /* AppDelegate.swift in Sources */,
				2033CF412578DE230062647E /* SceneDelegate.swift in Sources */,
				20913D46264D1D0C006568A3 /* AllLinksForUploadWeather.swift in Sources */,
			);
			runOnlyForDeploymentPostprocessing = 0;
		};
		2033CF4D2578DE280062647E /* Sources */ = {
			isa = PBXSourcesBuildPhase;
			buildActionMask = 2147483647;
			files = (
				2033CF562578DE280062647E /* HW_7_Tests.swift in Sources */,
			);
			runOnlyForDeploymentPostprocessing = 0;
		};
		2033CF582578DE280062647E /* Sources */ = {
			isa = PBXSourcesBuildPhase;
			buildActionMask = 2147483647;
			files = (
				2033CF612578DE280062647E /* HW_7_UITests.swift in Sources */,
			);
			runOnlyForDeploymentPostprocessing = 0;
		};
/* End PBXSourcesBuildPhase section */

/* Begin PBXTargetDependency section */
		2033CF532578DE280062647E /* PBXTargetDependency */ = {
			isa = PBXTargetDependency;
			target = 2033CF3A2578DE230062647E /* HW_7_ */;
			targetProxy = 2033CF522578DE280062647E /* PBXContainerItemProxy */;
		};
		2033CF5E2578DE280062647E /* PBXTargetDependency */ = {
			isa = PBXTargetDependency;
			target = 2033CF3A2578DE230062647E /* HW_7_ */;
			targetProxy = 2033CF5D2578DE280062647E /* PBXContainerItemProxy */;
		};
/* End PBXTargetDependency section */

/* Begin PBXVariantGroup section */
		2033CF442578DE230062647E /* Main.storyboard */ = {
			isa = PBXVariantGroup;
			children = (
				2033CF452578DE230062647E /* Base */,
			);
			name = Main.storyboard;
			sourceTree = "<group>";
		};
		2033CF492578DE280062647E /* LaunchScreen.storyboard */ = {
			isa = PBXVariantGroup;
			children = (
				2033CF4A2578DE280062647E /* Base */,
			);
			name = LaunchScreen.storyboard;
			sourceTree = "<group>";
		};
/* End PBXVariantGroup section */

/* Begin XCBuildConfiguration section */
		2033CF632578DE280062647E /* Debug */ = {
			isa = XCBuildConfiguration;
			buildSettings = {
				ALWAYS_SEARCH_USER_PATHS = NO;
				CLANG_ANALYZER_NONNULL = YES;
				CLANG_ANALYZER_NUMBER_OBJECT_CONVERSION = YES_AGGRESSIVE;
				CLANG_CXX_LANGUAGE_STANDARD = "gnu++14";
				CLANG_CXX_LIBRARY = "libc++";
				CLANG_ENABLE_MODULES = YES;
				CLANG_ENABLE_OBJC_ARC = YES;
				CLANG_ENABLE_OBJC_WEAK = YES;
				CLANG_WARN_BLOCK_CAPTURE_AUTORELEASING = YES;
				CLANG_WARN_BOOL_CONVERSION = YES;
				CLANG_WARN_COMMA = YES;
				CLANG_WARN_CONSTANT_CONVERSION = YES;
				CLANG_WARN_DEPRECATED_OBJC_IMPLEMENTATIONS = YES;
				CLANG_WARN_DIRECT_OBJC_ISA_USAGE = YES_ERROR;
				CLANG_WARN_DOCUMENTATION_COMMENTS = YES;
				CLANG_WARN_EMPTY_BODY = YES;
				CLANG_WARN_ENUM_CONVERSION = YES;
				CLANG_WARN_INFINITE_RECURSION = YES;
				CLANG_WARN_INT_CONVERSION = YES;
				CLANG_WARN_NON_LITERAL_NULL_CONVERSION = YES;
				CLANG_WARN_OBJC_IMPLICIT_RETAIN_SELF = YES;
				CLANG_WARN_OBJC_LITERAL_CONVERSION = YES;
				CLANG_WARN_OBJC_ROOT_CLASS = YES_ERROR;
				CLANG_WARN_QUOTED_INCLUDE_IN_FRAMEWORK_HEADER = YES;
				CLANG_WARN_RANGE_LOOP_ANALYSIS = YES;
				CLANG_WARN_STRICT_PROTOTYPES = YES;
				CLANG_WARN_SUSPICIOUS_MOVE = YES;
				CLANG_WARN_UNGUARDED_AVAILABILITY = YES_AGGRESSIVE;
				CLANG_WARN_UNREACHABLE_CODE = YES;
				CLANG_WARN__DUPLICATE_METHOD_MATCH = YES;
				COPY_PHASE_STRIP = NO;
				DEBUG_INFORMATION_FORMAT = dwarf;
				ENABLE_STRICT_OBJC_MSGSEND = YES;
				ENABLE_TESTABILITY = YES;
				GCC_C_LANGUAGE_STANDARD = gnu11;
				GCC_DYNAMIC_NO_PIC = NO;
				GCC_NO_COMMON_BLOCKS = YES;
				GCC_OPTIMIZATION_LEVEL = 0;
				GCC_PREPROCESSOR_DEFINITIONS = (
					"DEBUG=1",
					"$(inherited)",
				);
				GCC_WARN_64_TO_32_BIT_CONVERSION = YES;
				GCC_WARN_ABOUT_RETURN_TYPE = YES_ERROR;
				GCC_WARN_UNDECLARED_SELECTOR = YES;
				GCC_WARN_UNINITIALIZED_AUTOS = YES_AGGRESSIVE;
				GCC_WARN_UNUSED_FUNCTION = YES;
				GCC_WARN_UNUSED_VARIABLE = YES;
				IPHONEOS_DEPLOYMENT_TARGET = 13.2;
				MTL_ENABLE_DEBUG_INFO = INCLUDE_SOURCE;
				MTL_FAST_MATH = YES;
				ONLY_ACTIVE_ARCH = YES;
				SDKROOT = iphoneos;
				SWIFT_ACTIVE_COMPILATION_CONDITIONS = DEBUG;
				SWIFT_OPTIMIZATION_LEVEL = "-Onone";
			};
			name = Debug;
		};
		2033CF642578DE280062647E /* Release */ = {
			isa = XCBuildConfiguration;
			buildSettings = {
				ALWAYS_SEARCH_USER_PATHS = NO;
				CLANG_ANALYZER_NONNULL = YES;
				CLANG_ANALYZER_NUMBER_OBJECT_CONVERSION = YES_AGGRESSIVE;
				CLANG_CXX_LANGUAGE_STANDARD = "gnu++14";
				CLANG_CXX_LIBRARY = "libc++";
				CLANG_ENABLE_MODULES = YES;
				CLANG_ENABLE_OBJC_ARC = YES;
				CLANG_ENABLE_OBJC_WEAK = YES;
				CLANG_WARN_BLOCK_CAPTURE_AUTORELEASING = YES;
				CLANG_WARN_BOOL_CONVERSION = YES;
				CLANG_WARN_COMMA = YES;
				CLANG_WARN_CONSTANT_CONVERSION = YES;
				CLANG_WARN_DEPRECATED_OBJC_IMPLEMENTATIONS = YES;
				CLANG_WARN_DIRECT_OBJC_ISA_USAGE = YES_ERROR;
				CLANG_WARN_DOCUMENTATION_COMMENTS = YES;
				CLANG_WARN_EMPTY_BODY = YES;
				CLANG_WARN_ENUM_CONVERSION = YES;
				CLANG_WARN_INFINITE_RECURSION = YES;
				CLANG_WARN_INT_CONVERSION = YES;
				CLANG_WARN_NON_LITERAL_NULL_CONVERSION = YES;
				CLANG_WARN_OBJC_IMPLICIT_RETAIN_SELF = YES;
				CLANG_WARN_OBJC_LITERAL_CONVERSION = YES;
				CLANG_WARN_OBJC_ROOT_CLASS = YES_ERROR;
				CLANG_WARN_QUOTED_INCLUDE_IN_FRAMEWORK_HEADER = YES;
				CLANG_WARN_RANGE_LOOP_ANALYSIS = YES;
				CLANG_WARN_STRICT_PROTOTYPES = YES;
				CLANG_WARN_SUSPICIOUS_MOVE = YES;
				CLANG_WARN_UNGUARDED_AVAILABILITY = YES_AGGRESSIVE;
				CLANG_WARN_UNREACHABLE_CODE = YES;
				CLANG_WARN__DUPLICATE_METHOD_MATCH = YES;
				COPY_PHASE_STRIP = NO;
				DEBUG_INFORMATION_FORMAT = "dwarf-with-dsym";
				ENABLE_NS_ASSERTIONS = NO;
				ENABLE_STRICT_OBJC_MSGSEND = YES;
				GCC_C_LANGUAGE_STANDARD = gnu11;
				GCC_NO_COMMON_BLOCKS = YES;
				GCC_WARN_64_TO_32_BIT_CONVERSION = YES;
				GCC_WARN_ABOUT_RETURN_TYPE = YES_ERROR;
				GCC_WARN_UNDECLARED_SELECTOR = YES;
				GCC_WARN_UNINITIALIZED_AUTOS = YES_AGGRESSIVE;
				GCC_WARN_UNUSED_FUNCTION = YES;
				GCC_WARN_UNUSED_VARIABLE = YES;
				IPHONEOS_DEPLOYMENT_TARGET = 13.2;
				MTL_ENABLE_DEBUG_INFO = NO;
				MTL_FAST_MATH = YES;
				SDKROOT = iphoneos;
				SWIFT_COMPILATION_MODE = wholemodule;
				SWIFT_OPTIMIZATION_LEVEL = "-O";
				VALIDATE_PRODUCT = YES;
			};
			name = Release;
		};
		2033CF662578DE280062647E /* Debug */ = {
			isa = XCBuildConfiguration;
			baseConfigurationReference = 4CBF3AEA0DD2DAE35D14A0D8 /* Pods-HW_7_.debug.xcconfig */;
			buildSettings = {
				ASSETCATALOG_COMPILER_APPICON_NAME = AppIcon;
				CODE_SIGN_STYLE = Automatic;
				DEVELOPMENT_TEAM = 22UF6659H5;
				INFOPLIST_FILE = HW_7_/Info.plist;
				LD_RUNPATH_SEARCH_PATHS = (
					"$(inherited)",
					"@executable_path/Frameworks",
				);
				PRODUCT_BUNDLE_IDENTIFIER = "fif.HW-7-";
				PRODUCT_NAME = "$(TARGET_NAME)";
				SWIFT_VERSION = 5.0;
				TARGETED_DEVICE_FAMILY = "1,2";
			};
			name = Debug;
		};
		2033CF672578DE280062647E /* Release */ = {
			isa = XCBuildConfiguration;
			baseConfigurationReference = EAEA426A34E5DBEB0C0F7F55 /* Pods-HW_7_.release.xcconfig */;
			buildSettings = {
				ASSETCATALOG_COMPILER_APPICON_NAME = AppIcon;
				CODE_SIGN_STYLE = Automatic;
				DEVELOPMENT_TEAM = 22UF6659H5;
				INFOPLIST_FILE = HW_7_/Info.plist;
				LD_RUNPATH_SEARCH_PATHS = (
					"$(inherited)",
					"@executable_path/Frameworks",
				);
				PRODUCT_BUNDLE_IDENTIFIER = "fif.HW-7-";
				PRODUCT_NAME = "$(TARGET_NAME)";
				SWIFT_VERSION = 5.0;
				TARGETED_DEVICE_FAMILY = "1,2";
			};
			name = Release;
		};
		2033CF692578DE280062647E /* Debug */ = {
			isa = XCBuildConfiguration;
			buildSettings = {
				ALWAYS_EMBED_SWIFT_STANDARD_LIBRARIES = YES;
				BUNDLE_LOADER = "$(TEST_HOST)";
				CODE_SIGN_STYLE = Automatic;
				INFOPLIST_FILE = HW_7_Tests/Info.plist;
				IPHONEOS_DEPLOYMENT_TARGET = 13.2;
				LD_RUNPATH_SEARCH_PATHS = (
					"$(inherited)",
					"@executable_path/Frameworks",
					"@loader_path/Frameworks",
				);
				PRODUCT_BUNDLE_IDENTIFIER = "fif.HW-7-Tests";
				PRODUCT_NAME = "$(TARGET_NAME)";
				SWIFT_VERSION = 5.0;
				TARGETED_DEVICE_FAMILY = "1,2";
				TEST_HOST = "$(BUILT_PRODUCTS_DIR)/HW_7_.app/HW_7_";
			};
			name = Debug;
		};
		2033CF6A2578DE280062647E /* Release */ = {
			isa = XCBuildConfiguration;
			buildSettings = {
				ALWAYS_EMBED_SWIFT_STANDARD_LIBRARIES = YES;
				BUNDLE_LOADER = "$(TEST_HOST)";
				CODE_SIGN_STYLE = Automatic;
				INFOPLIST_FILE = HW_7_Tests/Info.plist;
				IPHONEOS_DEPLOYMENT_TARGET = 13.2;
				LD_RUNPATH_SEARCH_PATHS = (
					"$(inherited)",
					"@executable_path/Frameworks",
					"@loader_path/Frameworks",
				);
				PRODUCT_BUNDLE_IDENTIFIER = "fif.HW-7-Tests";
				PRODUCT_NAME = "$(TARGET_NAME)";
				SWIFT_VERSION = 5.0;
				TARGETED_DEVICE_FAMILY = "1,2";
				TEST_HOST = "$(BUILT_PRODUCTS_DIR)/HW_7_.app/HW_7_";
			};
			name = Release;
		};
		2033CF6C2578DE280062647E /* Debug */ = {
			isa = XCBuildConfiguration;
			buildSettings = {
				ALWAYS_EMBED_SWIFT_STANDARD_LIBRARIES = YES;
				CODE_SIGN_STYLE = Automatic;
				INFOPLIST_FILE = HW_7_UITests/Info.plist;
				LD_RUNPATH_SEARCH_PATHS = (
					"$(inherited)",
					"@executable_path/Frameworks",
					"@loader_path/Frameworks",
				);
				PRODUCT_BUNDLE_IDENTIFIER = "fif.HW-7-UITests";
				PRODUCT_NAME = "$(TARGET_NAME)";
				SWIFT_VERSION = 5.0;
				TARGETED_DEVICE_FAMILY = "1,2";
				TEST_TARGET_NAME = HW_7_;
			};
			name = Debug;
		};
		2033CF6D2578DE280062647E /* Release */ = {
			isa = XCBuildConfiguration;
			buildSettings = {
				ALWAYS_EMBED_SWIFT_STANDARD_LIBRARIES = YES;
				CODE_SIGN_STYLE = Automatic;
				INFOPLIST_FILE = HW_7_UITests/Info.plist;
				LD_RUNPATH_SEARCH_PATHS = (
					"$(inherited)",
					"@executable_path/Frameworks",
					"@loader_path/Frameworks",
				);
				PRODUCT_BUNDLE_IDENTIFIER = "fif.HW-7-UITests";
				PRODUCT_NAME = "$(TARGET_NAME)";
				SWIFT_VERSION = 5.0;
				TARGETED_DEVICE_FAMILY = "1,2";
				TEST_TARGET_NAME = HW_7_;
			};
			name = Release;
		};
/* End XCBuildConfiguration section */

/* Begin XCConfigurationList section */
		2033CF362578DE230062647E /* Build configuration list for PBXProject "HW_7_" */ = {
			isa = XCConfigurationList;
			buildConfigurations = (
				2033CF632578DE280062647E /* Debug */,
				2033CF642578DE280062647E /* Release */,
			);
			defaultConfigurationIsVisible = 0;
			defaultConfigurationName = Release;
		};
		2033CF652578DE280062647E /* Build configuration list for PBXNativeTarget "HW_7_" */ = {
			isa = XCConfigurationList;
			buildConfigurations = (
				2033CF662578DE280062647E /* Debug */,
				2033CF672578DE280062647E /* Release */,
			);
			defaultConfigurationIsVisible = 0;
			defaultConfigurationName = Release;
		};
		2033CF682578DE280062647E /* Build configuration list for PBXNativeTarget "HW_7_Tests" */ = {
			isa = XCConfigurationList;
			buildConfigurations = (
				2033CF692578DE280062647E /* Debug */,
				2033CF6A2578DE280062647E /* Release */,
			);
			defaultConfigurationIsVisible = 0;
			defaultConfigurationName = Release;
		};
		2033CF6B2578DE280062647E /* Build configuration list for PBXNativeTarget "HW_7_UITests" */ = {
			isa = XCConfigurationList;
			buildConfigurations = (
				2033CF6C2578DE280062647E /* Debug */,
				2033CF6D2578DE280062647E /* Release */,
			);
			defaultConfigurationIsVisible = 0;
			defaultConfigurationName = Release;
		};
/* End XCConfigurationList section */
	};
	rootObject = 2033CF332578DE230062647E /* Project object */;
}
